
Microsoft Visual Studio Solution File, Format Version 12.00
# Visual Studio Version 16
VisualStudioVersion = 16.0.810.18
MinimumVisualStudioVersion = 10.0.40219.1
Project("{FAE04EC0-301F-11D3-BF4B-00C04F79EFBC}") = "PrintPrimes", "PrintPrimes.csproj", "{2AE8F364-9CA4-4D51-81FA-3F7576262DF4}"
EndProject
Global
	GlobalSection(SolutionConfigurationPlatforms) = preSolution
		Debug|Any CPU = Debug|Any CPU
		Release|Any CPU = Release|Any CPU
	EndGlobalSection
	GlobalSection(ProjectConfigurationPlatforms) = postSolution
		{2AE8F364-9CA4-4D51-81FA-3F7576262DF4}.Debug|Any CPU.ActiveCfg = Debug|Any CPU
		{2AE8F364-9CA4-4D51-81FA-3F7576262DF4}.Debug|Any CPU.Build.0 = Debug|Any CPU
		{2AE8F364-9CA4-4D51-81FA-3F7576262DF4}.Release|Any CPU.ActiveCfg = Release|Any CPU
		{2AE8F364-9CA4-4D51-81FA-3F7576262DF4}.Release|Any CPU.Build.0 = Release|Any CPU
	EndGlobalSection
	GlobalSection(SolutionProperties) = preSolution
		HideSolutionNode = FALSE
	EndGlobalSection
	GlobalSection(ExtensibilityGlobals) = postSolution
		SolutionGuid = {39E31440-B15F-413C-ADC3-36A9CF31530E}
	EndGlobalSection
EndGlobal
